
Microsoft Visual Studio Solution File, Format Version 12.00
# Visual Studio Version 17
VisualStudioVersion = 17.6.33706.43
MinimumVisualStudioVersion = 10.0.40219.1
Project("{9A19103F-16F7-4668-BE54-9A1E7A4F7556}") = "GamesAPI", "GamesAPI.csproj", "{1ACC4D7C-D85E-4140-830C-52E72A4CD331}"
EndProject
Global
	GlobalSection(SolutionConfigurationPlatforms) = preSolution
		Debug|Any CPU = Debug|Any CPU
		Release|Any CPU = Release|Any CPU
	EndGlobalSection
	GlobalSection(ProjectConfigurationPlatforms) = postSolution
		{1ACC4D7C-D85E-4140-830C-52E72A4CD331}.Debug|Any CPU.ActiveCfg = Debug|Any CPU
		{1ACC4D7C-D85E-4140-830C-52E72A4CD331}.Debug|Any CPU.Build.0 = Debug|Any CPU
		{1ACC4D7C-D85E-4140-830C-52E72A4CD331}.Release|Any CPU.ActiveCfg = Release|Any CPU
		{1ACC4D7C-D85E-4140-830C-52E72A4CD331}.Release|Any CPU.Build.0 = Release|Any CPU
	EndGlobalSection
	GlobalSection(SolutionProperties) = preSolution
		HideSolutionNode = FALSE
	EndGlobalSection
	GlobalSection(ExtensibilityGlobals) = postSolution
		SolutionGuid = {4289004B-C070-4F06-B6DB-32BA0E1E6366}
	EndGlobalSection
EndGlobal
